
Microsoft Visual Studio Solution File, Format Version 12.00
# Visual Studio Version 16
VisualStudioVersion = 16.0.31515.178
MinimumVisualStudioVersion = 10.0.40219.1
Project("{FAE04EC0-301F-11D3-BF4B-00C04F79EFBC}") = "Sample.UWP", "Sample\Sample.UWP\Sample.UWP.csproj", "{BDF63CF7-DB3C-4E49-8720-D6C426152B40}"
EndProject
Project("{FAE04EC0-301F-11D3-BF4B-00C04F79EFBC}") = "Sample.Android", "Sample\Sample.Android\Sample.Android.csproj", "{7714BA07-822D-4486-9A5E-62C019B3C84B}"
EndProject
Project("{FAE04EC0-301F-11D3-BF4B-00C04F79EFBC}") = "Sample.iOS", "Sample\Sample.iOS\Sample.iOS.csproj", "{EAB7A279-F09D-4FA5-919B-9C3E78A0CBD8}"
EndProject
Project("{FAE04EC0-301F-11D3-BF4B-00C04F79EFBC}") = "Sample", "Sample\Sample\Sample.csproj", "{9E5FB9EB-D199-47A1-9165-6546D1C3FA40}"
EndProject
Global
	GlobalSection(SolutionConfigurationPlatforms) = preSolution
		Debug|Any CPU = Debug|Any CPU
		Debug|ARM = Debug|ARM
		Debug|iPhone = Debug|iPhone
		Debug|iPhoneSimulator = Debug|iPhoneSimulator
		Debug|x64 = Debug|x64
		Debug|x86 = Debug|x86
		Release|Any CPU = Release|Any CPU
		Release|ARM = Release|ARM
		Release|iPhone = Release|iPhone
		Release|iPhoneSimulator = Release|iPhoneSimulator
		Release|x64 = Release|x64
		Release|x86 = Release|x86
	EndGlobalSection
	GlobalSection(ProjectConfigurationPlatforms) = postSolution
		{BDF63CF7-DB3C-4E49-8720-D6C426152B40}.Debug|Any CPU.ActiveCfg = Debug|x86
		{BDF63CF7-DB3C-4E49-8720-D6C426152B40}.Debug|Any CPU.Build.0 = Debug|x86
		{BDF63CF7-DB3C-4E49-8720-D6C426152B40}.Debug|Any CPU.Deploy.0 = Debug|x86
		{BDF63CF7-DB3C-4E49-8720-D6C426152B40}.Debug|ARM.ActiveCfg = Debug|ARM
		{BDF63CF7-DB3C-4E49-8720-D6C426152B40}.Debug|ARM.Build.0 = Debug|ARM
		{BDF63CF7-DB3C-4E49-8720-D6C426152B40}.Debug|ARM.Deploy.0 = Debug|ARM
		{BDF63CF7-DB3C-4E49-8720-D6C426152B40}.Debug|iPhone.ActiveCfg = Debug|x86
		{BDF63CF7-DB3C-4E49-8720-D6C426152B40}.Debug|iPhone.Build.0 = Debug|x86
		{BDF63CF7-DB3C-4E49-8720-D6C426152B40}.Debug|iPhone.Deploy.0 = Debug|x86
		{BDF63CF7-DB3C-4E49-8720-D6C426152B40}.Debug|iPhoneSimulator.ActiveCfg = Debug|x86
		{BDF63CF7-DB3C-4E49-8720-D6C426152B40}.Debug|iPhoneSimulator.Build.0 = Debug|x86
		{BDF63CF7-DB3C-4E49-8720-D6C426152B40}.Debug|iPhoneSimulator.Deploy.0 = Debug|x86
		{BDF63CF7-DB3C-4E49-8720-D6C426152B40}.Debug|x64.ActiveCfg = Debug|x64
		{BDF63CF7-DB3C-4E49-8720-D6C426152B40}.Debug|x64.Build.0 = Debug|x64
		{BDF63CF7-DB3C-4E49-8720-D6C426152B40}.Debug|x64.Deploy.0 = Debug|x64
		{BDF63CF7-DB3C-4E49-8720-D6C426152B40}.Debug|x86.ActiveCfg = Debug|x86
		{BDF63CF7-DB3C-4E49-8720-D6C426152B40}.Debug|x86.Build.0 = Debug|x86
		{BDF63CF7-DB3C-4E49-8720-D6C426152B40}.Debug|x86.Deploy.0 = Debug|x86
		{BDF63CF7-DB3C-4E49-8720-D6C426152B40}.Release|Any CPU.ActiveCfg = Release|x86
		{BDF63CF7-DB3C-4E49-8720-D6C426152B40}.Release|Any CPU.Build.0 = Release|x86
		{BDF63CF7-DB3C-4E49-8720-D6C426152B40}.Release|Any CPU.Deploy.0 = Release|x86
		{BDF63CF7-DB3C-4E49-8720-D6C426152B40}.Release|ARM.ActiveCfg = Release|ARM
		{BDF63CF7-DB3C-4E49-8720-D6C426152B40}.Release|ARM.Build.0 = Release|ARM
		{BDF63CF7-DB3C-4E49-8720-D6C426152B40}.Release|ARM.Deploy.0 = Release|ARM
		{BDF63CF7-DB3C-4E49-8720-D6C426152B40}.Release|iPhone.ActiveCfg = Release|x86
		{BDF63CF7-DB3C-4E49-8720-D6C426152B40}.Release|iPhone.Build.0 = Release|x86
		{BDF63CF7-DB3C-4E49-8720-D6C426152B40}.Release|iPhone.Deploy.0 = Release|x86
		{BDF63CF7-DB3C-4E49-8720-D6C426152B40}.Release|iPhoneSimulator.ActiveCfg = Release|x86
		{BDF63CF7-DB3C-4E49-8720-D6C426152B40}.Release|iPhoneSimulator.Build.0 = Release|x86
		{BDF63CF7-DB3C-4E49-8720-D6C426152B40}.Release|iPhoneSimulator.Deploy.0 = Release|x86
		{BDF63CF7-DB3C-4E49-8720-D6C426152B40}.Release|x64.ActiveCfg = Release|x64
		{BDF63CF7-DB3C-4E49-8720-D6C426152B40}.Release|x64.Build.0 = Release|x64
		{BDF63CF7-DB3C-4E49-8720-D6C426152B40}.Release|x64.Deploy.0 = Release|x64
		{BDF63CF7-DB3C-4E49-8720-D6C426152B40}.Release|x86.ActiveCfg = Release|x86
		{BDF63CF7-DB3C-4E49-8720-D6C426152B40}.Release|x86.Build.0 = Release|x86
		{BDF63CF7-DB3C-4E49-8720-D6C426152B40}.Release|x86.Deploy.0 = Release|x86
		{7714BA07-822D-4486-9A5E-62C019B3C84B}.Debug|Any CPU.ActiveCfg = Debug|Any CPU
		{7714BA07-822D-4486-9A5E-62C019B3C84B}.Debug|Any CPU.Build.0 = Debug|Any CPU
		{7714BA07-822D-4486-9A5E-62C019B3C84B}.Debug|Any CPU.Deploy.0 = Debug|Any CPU
		{7714BA07-822D-4486-9A5E-62C019B3C84B}.Debug|ARM.ActiveCfg = Debug|Any CPU
		{7714BA07-822D-4486-9A5E-62C019B3C84B}.Debug|ARM.Build.0 = Debug|Any CPU
		{7714BA07-822D-4486-9A5E-62C019B3C84B}.Debug|ARM.Deploy.0 = Debug|Any CPU
		{7714BA07-822D-4486-9A5E-62C019B3C84B}.Debug|iPhone.ActiveCfg = Debug|Any CPU
		{7714BA07-822D-4486-9A5E-62C019B3C84B}.Debug|iPhone.Build.0 = Debug|Any CPU
		{7714BA07-822D-4486-9A5E-62C019B3C84B}.Debug|iPhone.Deploy.0 = Debug|Any CPU
		{7714BA07-822D-4486-9A5E-62C019B3C84B}.Debug|iPhoneSimulator.ActiveCfg = Debug|Any CPU
		{7714BA07-822D-4486-9A5E-62C019B3C84B}.Debug|iPhoneSimulator.Build.0 = Debug|Any CPU
		{7714BA07-822D-4486-9A5E-62C019B3C84B}.Debug|iPhoneSimulator.Deploy.0 = Debug|Any CPU
		{7714BA07-822D-4486-9A5E-62C019B3C84B}.Debug|x64.ActiveCfg = Debug|Any CPU
		{7714BA07-822D-4486-9A5E-62C019B3C84B}.Debug|x64.Build.0 = Debug|Any CPU
		{7714BA07-822D-4486-9A5E-62C019B3C84B}.Debug|x64.Deploy.0 = Debug|Any CPU
		{7714BA07-822D-4486-9A5E-62C019B3C84B}.Debug|x86.ActiveCfg = Debug|Any CPU
		{7714BA07-822D-4486-9A5E-62C019B3C84B}.Debug|x86.Build.0 = Debug|Any CPU
		{7714BA07-822D-4486-9A5E-62C019B3C84B}.Debug|x86.Deploy.0 = Debug|Any CPU
		{7714BA07-822D-4486-9A5E-62C019B3C84B}.Release|Any CPU.ActiveCfg = Release|Any CPU
		{7714BA07-822D-4486-9A5E-62C019B3C84B}.Release|Any CPU.Build.0 = Release|Any CPU
		{7714BA07-822D-4486-9A5E-62C019B3C84B}.Release|Any CPU.Deploy.0 = Release|Any CPU
		{7714BA07-822D-4486-9A5E-62C019B3C84B}.Release|ARM.ActiveCfg = Release|Any CPU
		{7714BA07-822D-4486-9A5E-62C019B3C84B}.Release|ARM.Build.0 = Release|Any CPU
		{7714BA07-822D-4486-9A5E-62C019B3C84B}.Release|ARM.Deploy.0 = Release|Any CPU
		{7714BA07-822D-4486-9A5E-62C019B3C84B}.Release|iPhone.ActiveCfg = Release|Any CPU
		{7714BA07-822D-4486-9A5E-62C019B3C84B}.Release|iPhone.Build.0 = Release|Any CPU
		{7714BA07-822D-4486-9A5E-62C019B3C84B}.Release|iPhone.Deploy.0 = Release|Any CPU
		{7714BA07-822D-4486-9A5E-62C019B3C84B}.Release|iPhoneSimulator.ActiveCfg = Release|Any CPU
		{7714BA07-822D-4486-9A5E-62C019B3C84B}.Release|iPhoneSimulator.Build.0 = Release|Any CPU
		{7714BA07-822D-4486-9A5E-62C019B3C84B}.Release|iPhoneSimulator.Deploy.0 = Release|Any CPU
		{7714BA07-822D-4486-9A5E-62C019B3C84B}.Release|x64.ActiveCfg = Release|Any CPU
		{7714BA07-822D-4486-9A5E-62C019B3C84B}.Release|x64.Build.0 = Release|Any CPU
		{7714BA07-822D-4486-9A5E-62C019B3C84B}.Release|x64.Deploy.0 = Release|Any CPU
		{7714BA07-822D-4486-9A5E-62C019B3C84B}.Release|x86.ActiveCfg = Release|Any CPU
		{7714BA07-822D-4486-9A5E-62C019B3C84B}.Release|x86.Build.0 = Release|Any CPU
		{7714BA07-822D-4486-9A5E-62C019B3C84B}.Release|x86.Deploy.0 = Release|Any CPU
		{EAB7A279-F09D-4FA5-919B-9C3E78A0CBD8}.Debug|Any CPU.ActiveCfg = Debug|iPhoneSimulator
		{EAB7A279-F09D-4FA5-919B-9C3E78A0CBD8}.Debug|Any CPU.Build.0 = Debug|iPhoneSimulator
		{EAB7A279-F09D-4FA5-919B-9C3E78A0CBD8}.Debug|Any CPU.Deploy.0 = Debug|iPhoneSimulator
		{EAB7A279-F09D-4FA5-919B-9C3E78A0CBD8}.Debug|ARM.ActiveCfg = Debug|iPhone
		{EAB7A279-F09D-4FA5-919B-9C3E78A0CBD8}.Debug|ARM.Build.0 = Debug|iPhone
		{EAB7A279-F09D-4FA5-919B-9C3E78A0CBD8}.Debug|ARM.Deploy.0 = Debug|iPhone
		{EAB7A279-F09D-4FA5-919B-9C3E78A0CBD8}.Debug|iPhone.ActiveCfg = Debug|iPhone
		{EAB7A279-F09D-4FA5-919B-9C3E78A0CBD8}.Debug|iPhone.Build.0 = Debug|iPhone
		{EAB7A279-F09D-4FA5-919B-9C3E78A0CBD8}.Debug|iPhone.Deploy.0 = Debug|iPhone
		{EAB7A279-F09D-4FA5-919B-9C3E78A0CBD8}.Debug|iPhoneSimulator.ActiveCfg = Debug|iPhoneSimulator
		{EAB7A279-F09D-4FA5-919B-9C3E78A0CBD8}.Debug|iPhoneSimulator.Build.0 = Debug|iPhoneSimulator
		{EAB7A279-F09D-4FA5-919B-9C3E78A0CBD8}.Debug|iPhoneSimulator.Deploy.0 = Debug|iPhoneSimulator
		{EAB7A279-F09D-4FA5-919B-9C3E78A0CBD8}.Debug|x64.ActiveCfg = Debug|iPhoneSimulator
		{EAB7A279-F09D-4FA5-919B-9C3E78A0CBD8}.Debug|x64.Build.0 = Debug|iPhoneSimulator
		{EAB7A279-F09D-4FA5-919B-9C3E78A0CBD8}.Debug|x64.Deploy.0 = Debug|iPhoneSimulator
		{EAB7A279-F09D-4FA5-919B-9C3E78A0CBD8}.Debug|x86.ActiveCfg = Debug|iPhoneSimulator
		{EAB7A279-F09D-4FA5-919B-9C3E78A0CBD8}.Debug|x86.Build.0 = Debug|iPhoneSimulator
		{EAB7A279-F09D-4FA5-919B-9C3E78A0CBD8}.Debug|x86.Deploy.0 = Debug|iPhoneSimulator
		{EAB7A279-F09D-4FA5-919B-9C3E78A0CBD8}.Release|Any CPU.ActiveCfg = Release|iPhoneSimulator
		{EAB7A279-F09D-4FA5-919B-9C3E78A0CBD8}.Release|Any CPU.Build.0 = Release|iPhoneSimulator
		{EAB7A279-F09D-4FA5-919B-9C3E78A0CBD8}.Release|Any CPU.Deploy.0 = Release|iPhoneSimulator
		{EAB7A279-F09D-4FA5-919B-9C3E78A0CBD8}.Release|ARM.ActiveCfg = Release|iPhoneSimulator
		{EAB7A279-F09D-4FA5-919B-9C3E78A0CBD8}.Release|ARM.Build.0 = Release|iPhoneSimulator
		{EAB7A279-F09D-4FA5-919B-9C3E78A0CBD8}.Release|ARM.Deploy.0 = Release|iPhoneSimulator
		{EAB7A279-F09D-4FA5-919B-9C3E78A0CBD8}.Release|iPhone.ActiveCfg = Release|iPhone
		{EAB7A279-F09D-4FA5-919B-9C3E78A0CBD8}.Release|iPhone.Build.0 = Release|iPhone
		{EAB7A279-F09D-4FA5-919B-9C3E78A0CBD8}.Release|iPhone.Deploy.0 = Release|iPhone
		{EAB7A279-F09D-4FA5-919B-9C3E78A0CBD8}.Release|iPhoneSimulator.ActiveCfg = Release|iPhoneSimulator
		{EAB7A279-F09D-4FA5-919B-9C3E78A0CBD8}.Release|iPhoneSimulator.Build.0 = Release|iPhoneSimulator
		{EAB7A279-F09D-4FA5-919B-9C3E78A0CBD8}.Release|iPhoneSimulator.Deploy.0 = Release|iPhoneSimulator
		{EAB7A279-F09D-4FA5-919B-9C3E78A0CBD8}.Release|x64.ActiveCfg = Release|iPhoneSimulator
		{EAB7A279-F09D-4FA5-919B-9C3E78A0CBD8}.Release|x64.Build.0 = Release|iPhoneSimulator
		{EAB7A279-F09D-4FA5-919B-9C3E78A0CBD8}.Release|x64.Deploy.0 = Release|iPhoneSimulator
		{EAB7A279-F09D-4FA5-919B-9C3E78A0CBD8}.Release|x86.ActiveCfg = Release|iPhoneSimulator
		{EAB7A279-F09D-4FA5-919B-9C3E78A0CBD8}.Release|x86.Build.0 = Release|iPhoneSimulator
		{EAB7A279-F09D-4FA5-919B-9C3E78A0CBD8}.Release|x86.Deploy.0 = Release|iPhoneSimulator
		{9E5FB9EB-D199-47A1-9165-6546D1C3FA40}.Debug|Any CPU.ActiveCfg = Debug|Any CPU
		{9E5FB9EB-D199-47A1-9165-6546D1C3FA40}.Debug|Any CPU.Build.0 = Debug|Any CPU
		{9E5FB9EB-D199-47A1-9165-6546D1C3FA40}.Debug|Any CPU.Deploy.0 = Debug|Any CPU
		{9E5FB9EB-D199-47A1-9165-6546D1C3FA40}.Debug|ARM.ActiveCfg = Debug|Any CPU
		{9E5FB9EB-D199-47A1-9165-6546D1C3FA40}.Debug|ARM.Build.0 = Debug|Any CPU
		{9E5FB9EB-D199-47A1-9165-6546D1C3FA40}.Debug|ARM.Deploy.0 = Debug|Any CPU
		{9E5FB9EB-D199-47A1-9165-6546D1C3FA40}.Debug|iPhone.ActiveCfg = Debug|Any CPU
		{9E5FB9EB-D199-47A1-9165-6546D1C3FA40}.Debug|iPhone.Build.0 = Debug|Any CPU
		{9E5FB9EB-D199-47A1-9165-6546D1C3FA40}.Debug|iPhone.Deploy.0 = Debug|Any CPU
		{9E5FB9EB-D199-47A1-9165-6546D1C3FA40}.Debug|iPhoneSimulator.ActiveCfg = Debug|Any CPU
		{9E5FB9EB-D199-47A1-9165-6546D1C3FA40}.Debug|iPhoneSimulator.Build.0 = Debug|Any CPU
		{9E5FB9EB-D199-47A1-9165-6546D1C3FA40}.Debug|iPhoneSimulator.Deploy.0 = Debug|Any CPU
		{9E5FB9EB-D199-47A1-9165-6546D1C3FA40}.Debug|x64.ActiveCfg = Debug|Any CPU
		{9E5FB9EB-D199-47A1-9165-6546D1C3FA40}.Debug|x64.Build.0 = Debug|Any CPU
		{9E5FB9EB-D199-47A1-9165-6546D1C3FA40}.Debug|x64.Deploy.0 = Debug|Any CPU
		{9E5FB9EB-D199-47A1-9165-6546D1C3FA40}.Debug|x86.ActiveCfg = Debug|Any CPU
		{9E5FB9EB-D199-47A1-9165-6546D1C3FA40}.Debug|x86.Build.0 = Debug|Any CPU
		{9E5FB9EB-D199-47A1-9165-6546D1C3FA40}.Debug|x86.Deploy.0 = Debug|Any CPU
		{9E5FB9EB-D199-47A1-9165-6546D1C3FA40}.Release|Any CPU.ActiveCfg = Release|Any CPU
		{9E5FB9EB-D199-47A1-9165-6546D1C3FA40}.Release|Any CPU.Build.0 = Release|Any CPU
		{9E5FB9EB-D199-47A1-9165-6546D1C3FA40}.Release|Any CPU.Deploy.0 = Release|Any CPU
		{9E5FB9EB-D199-47A1-9165-6546D1C3FA40}.Release|ARM.ActiveCfg = Release|Any CPU
		{9E5FB9EB-D199-47A1-9165-6546D1C3FA40}.Release|ARM.Build.0 = Release|Any CPU
		{9E5FB9EB-D199-47A1-9165-6546D1C3FA40}.Release|ARM.Deploy.0 = Release|Any CPU
		{9E5FB9EB-D199-47A1-9165-6546D1C3FA40}.Release|iPhone.ActiveCfg = Release|Any CPU
		{9E5FB9EB-D199-47A1-9165-6546D1C3FA40}.Release|iPhone.Build.0 = Release|Any CPU
		{9E5FB9EB-D199-47A1-9165-6546D1C3FA40}.Release|iPhone.Deploy.0 = Release|Any CPU
		{9E5FB9EB-D199-47A1-9165-6546D1C3FA40}.Release|iPhoneSimulator.ActiveCfg = Release|Any CPU
		{9E5FB9EB-D199-47A1-9165-6546D1C3FA40}.Release|iPhoneSimulator.Build.0 = Release|Any CPU
		{9E5FB9EB-D199-47A1-9165-6546D1C3FA40}.Release|iPhoneSimulator.Deploy.0 = Release|Any CPU
		{9E5FB9EB-D199-47A1-9165-6546D1C3FA40}.Release|x64.ActiveCfg = Release|Any CPU
		{9E5FB9EB-D199-47A1-9165-6546D1C3FA40}.Release|x64.Build.0 = Release|Any CPU
		{9E5FB9EB-D199-47A1-9165-6546D1C3FA40}.Release|x64.Deploy.0 = Release|Any CPU
		{9E5FB9EB-D199-47A1-9165-6546D1C3FA40}.Release|x86.ActiveCfg = Release|Any CPU
		{9E5FB9EB-D199-47A1-9165-6546D1C3FA40}.Release|x86.Build.0 = Release|Any CPU
		{9E5FB9EB-D199-47A1-9165-6546D1C3FA40}.Release|x86.Deploy.0 = Release|Any CPU
	EndGlobalSection
	GlobalSection(SolutionProperties) = preSolution
		HideSolutionNode = FALSE
	EndGlobalSection
	GlobalSection(ExtensibilityGlobals) = postSolution
		SolutionGuid = {2BE0B4F6-1396-4791-97A3-9BB41D5A1956}
	EndGlobalSection
EndGlobal
